
Microsoft Visual Studio Solution File, Format Version 12.00
# Visual Studio Version 17
VisualStudioVersion = 17.0.32112.339
MinimumVisualStudioVersion = 10.0.40219.1
Project("{9A19103F-16F7-4668-BE54-9A1E7A4F7556}") = "EchoServiceApi", "EchoServiceApi\EchoServiceApi.csproj", "{AC27AAF0-12E7-4B15-A99E-10FE24E6DB5D}"
EndProject
Project("{2150E333-8FDC-42A3-9474-1A3956D46DE8}") = "Solution Items", "Solution Items", "{FBDC4F51-0752-4754-BDBA-8281D4AAA015}"
	ProjectSection(SolutionItems) = preProject
		.editorconfig = .editorconfig
		.github\workflows\aspnet-core.yml = .github\workflows\aspnet-core.yml
		.azure\pipelines\azure-pipelines.yml = .azure\pipelines\azure-pipelines.yml
		Directory.Build.props = Directory.Build.props
		Directory.Build.targets = Directory.Build.targets
		.docker-linux\Dockerfile = .docker-linux\Dockerfile
		README.md = README.md
	EndProjectSection
EndProject
Global
	GlobalSection(SolutionConfigurationPlatforms) = preSolution
		Debug|Any CPU = Debug|Any CPU
		Release|Any CPU = Release|Any CPU
	EndGlobalSection
	GlobalSection(ProjectConfigurationPlatforms) = postSolution
		{AC27AAF0-12E7-4B15-A99E-10FE24E6DB5D}.Debug|Any CPU.ActiveCfg = Debug|Any CPU
		{AC27AAF0-12E7-4B15-A99E-10FE24E6DB5D}.Debug|Any CPU.Build.0 = Debug|Any CPU
		{AC27AAF0-12E7-4B15-A99E-10FE24E6DB5D}.Release|Any CPU.ActiveCfg = Release|Any CPU
		{AC27AAF0-12E7-4B15-A99E-10FE24E6DB5D}.Release|Any CPU.Build.0 = Release|Any CPU
	EndGlobalSection
	GlobalSection(SolutionProperties) = preSolution
		HideSolutionNode = FALSE
	EndGlobalSection
	GlobalSection(ExtensibilityGlobals) = postSolution
		SolutionGuid = {DD691310-E9EB-4390-9B4C-3794D1AB4597}
	EndGlobalSection
EndGlobal
